
Microsoft Visual Studio Solution File, Format Version 12.00
# Visual Studio 14
VisualStudioVersion = 14.0.25420.1
MinimumVisualStudioVersion = 10.0.40219.1
Project("{FAE04EC0-301F-11D3-BF4B-00C04F79EFBC}") = "WienerLinienApi", "WienerLinienApi\WienerLinienApi.csproj", "{1C5C0688-19FD-447F-864B-0CE2CD08F1C0}"
EndProject
Project("{2150E333-8FDC-42A3-9474-1A3956D46DE8}") = "WienerLinienApi.Samples", "WienerLinienApi.Samples", "{606026F6-FB1F-47E3-87EA-C6BAF64A1713}"
EndProject
Project("{FAE04EC0-301F-11D3-BF4B-00C04F79EFBC}") = "WienerLinienApi.Samples.WPF", "WienerLinienApi.Samples.WPF\WienerLinienApi.Samples.WPF.csproj", "{0321C8E1-7105-4FFC-8EEA-C3AAE3BE8361}"
EndProject
Project("{FAE04EC0-301F-11D3-BF4B-00C04F79EFBC}") = "WienerLinienApi.Test", "WienerLinienApi.Test\WienerLinienApi.Test.csproj", "{B01163B5-56D8-4409-B915-9ACFAFD5207C}"
EndProject
Global
	GlobalSection(SolutionConfigurationPlatforms) = preSolution
		Debug|Any CPU = Debug|Any CPU
		Debug|Mixed Platforms = Debug|Mixed Platforms
		Debug|x86 = Debug|x86
		Release|Any CPU = Release|Any CPU
		Release|Mixed Platforms = Release|Mixed Platforms
		Release|x86 = Release|x86
	EndGlobalSection
	GlobalSection(ProjectConfigurationPlatforms) = postSolution
		{1C5C0688-19FD-447F-864B-0CE2CD08F1C0}.Debug|Any CPU.ActiveCfg = Debug|Any CPU
		{1C5C0688-19FD-447F-864B-0CE2CD08F1C0}.Debug|Any CPU.Build.0 = Debug|Any CPU
		{1C5C0688-19FD-447F-864B-0CE2CD08F1C0}.Debug|Mixed Platforms.ActiveCfg = Debug|Any CPU
		{1C5C0688-19FD-447F-864B-0CE2CD08F1C0}.Debug|Mixed Platforms.Build.0 = Debug|Any CPU
		{1C5C0688-19FD-447F-864B-0CE2CD08F1C0}.Debug|x86.ActiveCfg = Debug|Any CPU
		{1C5C0688-19FD-447F-864B-0CE2CD08F1C0}.Release|Any CPU.ActiveCfg = Release|Any CPU
		{1C5C0688-19FD-447F-864B-0CE2CD08F1C0}.Release|Any CPU.Build.0 = Release|Any CPU
		{1C5C0688-19FD-447F-864B-0CE2CD08F1C0}.Release|Mixed Platforms.ActiveCfg = Release|Any CPU
		{1C5C0688-19FD-447F-864B-0CE2CD08F1C0}.Release|Mixed Platforms.Build.0 = Release|Any CPU
		{1C5C0688-19FD-447F-864B-0CE2CD08F1C0}.Release|x86.ActiveCfg = Release|Any CPU
		{0321C8E1-7105-4FFC-8EEA-C3AAE3BE8361}.Debug|Any CPU.ActiveCfg = Debug|Any CPU
		{0321C8E1-7105-4FFC-8EEA-C3AAE3BE8361}.Debug|Any CPU.Build.0 = Debug|Any CPU
		{0321C8E1-7105-4FFC-8EEA-C3AAE3BE8361}.Debug|Mixed Platforms.ActiveCfg = Debug|Any CPU
		{0321C8E1-7105-4FFC-8EEA-C3AAE3BE8361}.Debug|Mixed Platforms.Build.0 = Debug|Any CPU
		{0321C8E1-7105-4FFC-8EEA-C3AAE3BE8361}.Debug|x86.ActiveCfg = Debug|Any CPU
		{0321C8E1-7105-4FFC-8EEA-C3AAE3BE8361}.Debug|x86.Build.0 = Debug|Any CPU
		{0321C8E1-7105-4FFC-8EEA-C3AAE3BE8361}.Release|Any CPU.ActiveCfg = Release|Any CPU
		{0321C8E1-7105-4FFC-8EEA-C3AAE3BE8361}.Release|Any CPU.Build.0 = Release|Any CPU
		{0321C8E1-7105-4FFC-8EEA-C3AAE3BE8361}.Release|Mixed Platforms.ActiveCfg = Release|Any CPU
		{0321C8E1-7105-4FFC-8EEA-C3AAE3BE8361}.Release|Mixed Platforms.Build.0 = Release|Any CPU
		{0321C8E1-7105-4FFC-8EEA-C3AAE3BE8361}.Release|x86.ActiveCfg = Release|Any CPU
		{0321C8E1-7105-4FFC-8EEA-C3AAE3BE8361}.Release|x86.Build.0 = Release|Any CPU
		{B01163B5-56D8-4409-B915-9ACFAFD5207C}.Debug|Any CPU.ActiveCfg = Debug|Any CPU
		{B01163B5-56D8-4409-B915-9ACFAFD5207C}.Debug|Any CPU.Build.0 = Debug|Any CPU
		{B01163B5-56D8-4409-B915-9ACFAFD5207C}.Debug|Mixed Platforms.ActiveCfg = Debug|Any CPU
		{B01163B5-56D8-4409-B915-9ACFAFD5207C}.Debug|Mixed Platforms.Build.0 = Debug|Any CPU
		{B01163B5-56D8-4409-B915-9ACFAFD5207C}.Debug|x86.ActiveCfg = Debug|Any CPU
		{B01163B5-56D8-4409-B915-9ACFAFD5207C}.Debug|x86.Build.0 = Debug|Any CPU
		{B01163B5-56D8-4409-B915-9ACFAFD5207C}.Release|Any CPU.ActiveCfg = Release|Any CPU
		{B01163B5-56D8-4409-B915-9ACFAFD5207C}.Release|Any CPU.Build.0 = Release|Any CPU
		{B01163B5-56D8-4409-B915-9ACFAFD5207C}.Release|Mixed Platforms.ActiveCfg = Release|Any CPU
		{B01163B5-56D8-4409-B915-9ACFAFD5207C}.Release|Mixed Platforms.Build.0 = Release|Any CPU
		{B01163B5-56D8-4409-B915-9ACFAFD5207C}.Release|x86.ActiveCfg = Release|Any CPU
		{B01163B5-56D8-4409-B915-9ACFAFD5207C}.Release|x86.Build.0 = Release|Any CPU
	EndGlobalSection
	GlobalSection(SolutionProperties) = preSolution
		HideSolutionNode = FALSE
	EndGlobalSection
	GlobalSection(NestedProjects) = preSolution
		{0321C8E1-7105-4FFC-8EEA-C3AAE3BE8361} = {606026F6-FB1F-47E3-87EA-C6BAF64A1713}
	EndGlobalSection
EndGlobal
